// !$*UTF8*$!
{
	archiveVersion = 1;
	classes = {
	};
	objectVersion = 77;
	objects = {

/* Begin PBXBuildFile section */
		86D77A682F6901BE009BEC45 /* AppDelegate.swift in Sources */ = {isa = PBXBuildFile; fileRef = 86D77A672F6901BE009BEC45 /* AppDelegate.swift */; };
		86D77A6C2F6901BE009BEC45 /* Main.html in Resources */ = {isa = PBXBuildFile; fileRef = 86D77A6A2F6901BE009BEC45 /* Main.html */; };
		86D77A6E2F6901BE009BEC45 /* Icon.png in Resources */ = {isa = PBXBuildFile; fileRef = 86D77A6D2F6901BE009BEC45 /* Icon.png */; };
		86D77A702F6901BE009BEC45 /* Style.css in Resources */ = {isa = PBXBuildFile; fileRef = 86D77A6F2F6901BE009BEC45 /* Style.css */; };
		86D77A722F6901BE009BEC45 /* Script.js in Resources */ = {isa = PBXBuildFile; fileRef = 86D77A712F6901BE009BEC45 /* Script.js */; };
		86D77A742F6901BE009BEC45 /* ViewController.swift in Sources */ = {isa = PBXBuildFile; fileRef = 86D77A732F6901BE009BEC45 /* ViewController.swift */; };
		86D77A772F6901BE009BEC45 /* Main.storyboard in Resources */ = {isa = PBXBuildFile; fileRef = 86D77A752F6901BE009BEC45 /* Main.storyboard */; };
		86D77A792F6901BF009BEC45 /* Assets.xcassets in Resources */ = {isa = PBXBuildFile; fileRef = 86D77A782F6901BF009BEC45 /* Assets.xcassets */; };
		86D77A802F6901BF009BEC45 /* Claude Assistant Extension.appex in Embed Foundation Extensions */ = {isa = PBXBuildFile; fileRef = 86D77A7F2F6901BF009BEC45 /* Claude Assistant Extension.appex */; settings = {ATTRIBUTES = (RemoveHeadersOnCopy, ); }; };
		86D77A852F6901BF009BEC45 /* SafariWebExtensionHandler.swift in Sources */ = {isa = PBXBuildFile; fileRef = 86D77A842F6901BF009BEC45 /* SafariWebExtensionHandler.swift */; };
		86D77A972F6901BF009BEC45 /* settings in Resources */ = {isa = PBXBuildFile; fileRef = 86D77A912F6901BF009BEC45 /* settings */; };
		86D77A982F6901BF009BEC45 /* popup in Resources */ = {isa = PBXBuildFile; fileRef = 86D77A922F6901BF009BEC45 /* popup */; };
		86D77A992F6901BF009BEC45 /* result in Resources */ = {isa = PBXBuildFile; fileRef = 86D77A932F6901BF009BEC45 /* result */; };
		86D77A9A2F6901BF009BEC45 /* background.js in Resources */ = {isa = PBXBuildFile; fileRef = 86D77A942F6901BF009BEC45 /* background.js */; };
		86D77A9B2F6901BF009BEC45 /* icons in Resources */ = {isa = PBXBuildFile; fileRef = 86D77A952F6901BF009BEC45 /* icons */; };
		86D77A9C2F6901BF009BEC45 /* manifest.json in Resources */ = {isa = PBXBuildFile; fileRef = 86D77A962F6901BF009BEC45 /* manifest.json */; };
		86D77A9D2F6901BF009BEC45 /* cache-explorer in Resources */ = {isa = PBXBuildFile; fileRef = 86D77A9E2F6901BF009BEC45 /* cache-explorer */; };
		86D77A9F2F6901BF009BEC45 /* lib in Resources */ = {isa = PBXBuildFile; fileRef = 86D77AA02F6901BF009BEC45 /* lib */; };
/* End PBXBuildFile section */

/* Begin PBXContainerItemProxy section */
		86D77A812F6901BF009BEC45 /* PBXContainerItemProxy */ = {
			isa = PBXContainerItemProxy;
			containerPortal = 86D77A5C2F6901BE009BEC45 /* Project object */;
			proxyType = 1;
			remoteGlobalIDString = 86D77A7E2F6901BF009BEC45;
			remoteInfo = "Claude Assistant Extension";
		};
/* End PBXContainerItemProxy section */

/* Begin PBXCopyFilesBuildPhase section */
		86D77A8C2F6901BF009BEC45 /* Embed Foundation Extensions */ = {
			isa = PBXCopyFilesBuildPhase;
			buildActionMask = 2147483647;
			dstPath = "";
			dstSubfolderSpec = 13;
			files = (
				86D77A802F6901BF009BEC45 /* Claude Assistant Extension.appex in Embed Foundation Extensions */,
			);
			name = "Embed Foundation Extensions";
			runOnlyForDeploymentPostprocessing = 0;
		};
/* End PBXCopyFilesBuildPhase section */

/* Begin PBXFileReference section */
		86D77A642F6901BE009BEC45 /* Claude Assistant.app */ = {isa = PBXFileReference; explicitFileType = wrapper.application; includeInIndex = 0; path = "Claude Assistant.app"; sourceTree = BUILT_PRODUCTS_DIR; };
		86D77A672F6901BE009BEC45 /* AppDelegate.swift */ = {isa = PBXFileReference; lastKnownFileType = sourcecode.swift; path = AppDelegate.swift; sourceTree = "<group>"; };
		86D77A6B2F6901BE009BEC45 /* Base */ = {isa = PBXFileReference; lastKnownFileType = text.html; name = Base; path = Base.lproj/Main.html; sourceTree = "<group>"; };
		86D77A6D2F6901BE009BEC45 /* Icon.png */ = {isa = PBXFileReference; lastKnownFileType = image.png; path = Icon.png; sourceTree = "<group>"; };
		86D77A6F2F6901BE009BEC45 /* Style.css */ = {isa = PBXFileReference; lastKnownFileType = text.css; path = Style.css; sourceTree = "<group>"; };
		86D77A712F6901BE009BEC45 /* Script.js */ = {isa = PBXFileReference; lastKnownFileType = sourcecode.javascript; path = Script.js; sourceTree = "<group>"; };
		86D77A732F6901BE009BEC45 /* ViewController.swift */ = {isa = PBXFileReference; lastKnownFileType = sourcecode.swift; path = ViewController.swift; sourceTree = "<group>"; };
		86D77A762F6901BE009BEC45 /* Base */ = {isa = PBXFileReference; lastKnownFileType = file.storyboard; name = Base; path = Base.lproj/Main.storyboard; sourceTree = "<group>"; };
		86D77A782F6901BF009BEC45 /* Assets.xcassets */ = {isa = PBXFileReference; lastKnownFileType = folder.assetcatalog; path = Assets.xcassets; sourceTree = "<group>"; };
		86D77A7A2F6901BF009BEC45 /* Info.plist */ = {isa = PBXFileReference; lastKnownFileType = text.plist.xml; path = Info.plist; sourceTree = "<group>"; };
		86D77A7F2F6901BF009BEC45 /* Claude Assistant Extension.appex */ = {isa = PBXFileReference; explicitFileType = "wrapper.app-extension"; includeInIndex = 0; path = "Claude Assistant Extension.appex"; sourceTree = BUILT_PRODUCTS_DIR; };
		86D77A842F6901BF009BEC45 /* SafariWebExtensionHandler.swift */ = {isa = PBXFileReference; lastKnownFileType = sourcecode.swift; path = SafariWebExtensionHandler.swift; sourceTree = "<group>"; };
		86D77A862F6901BF009BEC45 /* Info.plist */ = {isa = PBXFileReference; lastKnownFileType = text.plist.xml; path = Info.plist; sourceTree = "<group>"; };
		86D77A912F6901BF009BEC45 /* settings */ = {isa = PBXFileReference; lastKnownFileType = folder; name = settings; path = ../../../extension/settings; sourceTree = "<group>"; };
		86D77A922F6901BF009BEC45 /* popup */ = {isa = PBXFileReference; lastKnownFileType = folder; name = popup; path = ../../../extension/popup; sourceTree = "<group>"; };
		86D77A932F6901BF009BEC45 /* result */ = {isa = PBXFileReference; lastKnownFileType = folder; name = result; path = ../../../extension/result; sourceTree = "<group>"; };
		86D77A942F6901BF009BEC45 /* background.js */ = {isa = PBXFileReference; lastKnownFileType = sourcecode.javascript; name = background.js; path = ../../../extension/background.js; sourceTree = "<group>"; };
		86D77A952F6901BF009BEC45 /* icons */ = {isa = PBXFileReference; lastKnownFileType = folder; name = icons; path = ../../../extension/icons; sourceTree = "<group>"; };
		86D77A962F6901BF009BEC45 /* manifest.json */ = {isa = PBXFileReference; lastKnownFileType = text.json; name = manifest.json; path = ../../../extension/manifest.json; sourceTree = "<group>"; };
		86D77A9E2F6901BF009BEC45 /* cache-explorer */ = {isa = PBXFileReference; lastKnownFileType = folder; name = cache-explorer; path = ../../../extension/cache-explorer; sourceTree = "<group>"; };
		86D77AA02F6901BF009BEC45 /* lib */ = {isa = PBXFileReference; lastKnownFileType = folder; name = lib; path = ../../../extension/lib; sourceTree = "<group>"; };
/* End PBXFileReference section */

/* Begin PBXFrameworksBuildPhase section */
		86D77A612F6901BE009BEC45 /* Frameworks */ = {
			isa = PBXFrameworksBuildPhase;
			buildActionMask = 2147483647;
			files = (
			);
			runOnlyForDeploymentPostprocessing = 0;
		};
		86D77A7C2F6901BF009BEC45 /* Frameworks */ = {
			isa = PBXFrameworksBuildPhase;
			buildActionMask = 2147483647;
			files = (
			);
			runOnlyForDeploymentPostprocessing = 0;
		};
/* End PBXFrameworksBuildPhase section */

/* Begin PBXGroup section */
		86D77A5B2F6901BE009BEC45 = {
			isa = PBXGroup;
			children = (
				86D77A662F6901BE009BEC45 /* Claude Assistant */,
				86D77A832F6901BF009BEC45 /* Claude Assistant Extension */,
				86D77A652F6901BE009BEC45 /* Products */,
			);
			sourceTree = "<group>";
		};
		86D77A652F6901BE009BEC45 /* Products */ = {
			isa = PBXGroup;
			children = (
				86D77A642F6901BE009BEC45 /* Claude Assistant.app */,
				86D77A7F2F6901BF009BEC45 /* Claude Assistant Extension.appex */,
			);
			name = Products;
			sourceTree = "<group>";
		};
		86D77A662F6901BE009BEC45 /* Claude Assistant */ = {
			isa = PBXGroup;
			children = (
				86D77A672F6901BE009BEC45 /* AppDelegate.swift */,
				86D77A732F6901BE009BEC45 /* ViewController.swift */,
				86D77A752F6901BE009BEC45 /* Main.storyboard */,
				86D77A782F6901BF009BEC45 /* Assets.xcassets */,
				86D77A7A2F6901BF009BEC45 /* Info.plist */,
				86D77A692F6901BE009BEC45 /* Resources */,
			);
			path = "Claude Assistant";
			sourceTree = "<group>";
		};
		86D77A692F6901BE009BEC45 /* Resources */ = {
			isa = PBXGroup;
			children = (
				86D77A6A2F6901BE009BEC45 /* Main.html */,
				86D77A6D2F6901BE009BEC45 /* Icon.png */,
				86D77A6F2F6901BE009BEC45 /* Style.css */,
				86D77A712F6901BE009BEC45 /* Script.js */,
			);
			path = Resources;
			sourceTree = "<group>";
		};
		86D77A832F6901BF009BEC45 /* Claude Assistant Extension */ = {
			isa = PBXGroup;
			children = (
				86D77A902F6901BF009BEC45 /* Resources */,
				86D77A842F6901BF009BEC45 /* SafariWebExtensionHandler.swift */,
				86D77A862F6901BF009BEC45 /* Info.plist */,
			);
			path = "Claude Assistant Extension";
			sourceTree = "<group>";
		};
		86D77A902F6901BF009BEC45 /* Resources */ = {
			isa = PBXGroup;
			children = (
				86D77A912F6901BF009BEC45 /* settings */,
				86D77A922F6901BF009BEC45 /* popup */,
				86D77A932F6901BF009BEC45 /* result */,
				86D77A942F6901BF009BEC45 /* background.js */,
				86D77A952F6901BF009BEC45 /* icons */,
				86D77A962F6901BF009BEC45 /* manifest.json */,
				86D77A9E2F6901BF009BEC45 /* cache-explorer */,
				86D77AA02F6901BF009BEC45 /* lib */,
			);
			name = Resources;
			path = "Claude Assistant Extension";
			sourceTree = SOURCE_ROOT;
		};
/* End PBXGroup section */

/* Begin PBXNativeTarget section */
		86D77A632F6901BE009BEC45 /* Claude Assistant */ = {
			isa = PBXNativeTarget;
			buildConfigurationList = 86D77A8D2F6901BF009BEC45 /* Build configuration list for PBXNativeTarget "Claude Assistant" */;
			buildPhases = (
				86D77A602F6901BE009BEC45 /* Sources */,
				86D77A612F6901BE009BEC45 /* Frameworks */,
				86D77A622F6901BE009BEC45 /* Resources */,
				86D77A8C2F6901BF009BEC45 /* Embed Foundation Extensions */,
			);
			buildRules = (
			);
			dependencies = (
				86D77A822F6901BF009BEC45 /* PBXTargetDependency */,
			);
			name = "Claude Assistant";
			packageProductDependencies = (
			);
			productName = "Claude Assistant";
			productReference = 86D77A642F6901BE009BEC45 /* Claude Assistant.app */;
			productType = "com.apple.product-type.application";
		};
		86D77A7E2F6901BF009BEC45 /* Claude Assistant Extension */ = {
			isa = PBXNativeTarget;
			buildConfigurationList = 86D77A892F6901BF009BEC45 /* Build configuration list for PBXNativeTarget "Claude Assistant Extension" */;
			buildPhases = (
				86D77A7B2F6901BF009BEC45 /* Sources */,
				86D77A7C2F6901BF009BEC45 /* Frameworks */,
				86D77A7D2F6901BF009BEC45 /* Resources */,
			);
			buildRules = (
			);
			dependencies = (
			);
			name = "Claude Assistant Extension";
			packageProductDependencies = (
			);
			productName = "Claude Assistant Extension";
			productReference = 86D77A7F2F6901BF009BEC45 /* Claude Assistant Extension.appex */;
			productType = "com.apple.product-type.app-extension";
		};
/* End PBXNativeTarget section */

/* Begin PBXProject section */
		86D77A5C2F6901BE009BEC45 /* Project object */ = {
			isa = PBXProject;
			attributes = {
				BuildIndependentTargetsInParallel = 1;
				LastSwiftUpdateCheck = 2630;
				LastUpgradeCheck = 2630;
				TargetAttributes = {
					86D77A632F6901BE009BEC45 = {
						CreatedOnToolsVersion = 26.3;
					};
					86D77A7E2F6901BF009BEC45 = {
						CreatedOnToolsVersion = 26.3;
					};
				};
			};
			buildConfigurationList = 86D77A5F2F6901BE009BEC45 /* Build configuration list for PBXProject "Claude Assistant" */;
			developmentRegion = en;
			hasScannedForEncodings = 0;
			knownRegions = (
				en,
				Base,
			);
			mainGroup = 86D77A5B2F6901BE009BEC45;
			minimizedProjectReferenceProxies = 1;
			preferredProjectObjectVersion = 77;
			productRefGroup = 86D77A652F6901BE009BEC45 /* Products */;
			projectDirPath = "";
			projectRoot = "";
			targets = (
				86D77A632F6901BE009BEC45 /* Claude Assistant */,
				86D77A7E2F6901BF009BEC45 /* Claude Assistant Extension */,
			);
		};
/* End PBXProject section */

/* Begin PBXResourcesBuildPhase section */
		86D77A622F6901BE009BEC45 /* Resources */ = {
			isa = PBXResourcesBuildPhase;
			buildActionMask = 2147483647;
			files = (
				86D77A6E2F6901BE009BEC45 /* Icon.png in Resources */,
				86D77A772F6901BE009BEC45 /* Main.storyboard in Resources */,
				86D77A722F6901BE009BEC45 /* Script.js in Resources */,
				86D77A6C2F6901BE009BEC45 /* Main.html in Resources */,
				86D77A792F6901BF009BEC45 /* Assets.xcassets in Resources */,
				86D77A702F6901BE009BEC45 /* Style.css in Resources */,
			);
			runOnlyForDeploymentPostprocessing = 0;
		};
		86D77A7D2F6901BF009BEC45 /* Resources */ = {
			isa = PBXResourcesBuildPhase;
			buildActionMask = 2147483647;
			files = (
				86D77A9A2F6901BF009BEC45 /* background.js in Resources */,
				86D77A992F6901BF009BEC45 /* result in Resources */,
				86D77A972F6901BF009BEC45 /* settings in Resources */,
				86D77A9B2F6901BF009BEC45 /* icons in Resources */,
				86D77A9C2F6901BF009BEC45 /* manifest.json in Resources */,
				86D77A982F6901BF009BEC45 /* popup in Resources */,
				86D77A9D2F6901BF009BEC45 /* cache-explorer in Resources */,
				86D77A9F2F6901BF009BEC45 /* lib in Resources */,
			);
			runOnlyForDeploymentPostprocessing = 0;
		};
/* End PBXResourcesBuildPhase section */

/* Begin PBXSourcesBuildPhase section */
		86D77A602F6901BE009BEC45 /* Sources */ = {
			isa = PBXSourcesBuildPhase;
			buildActionMask = 2147483647;
			files = (
				86D77A742F6901BE009BEC45 /* ViewController.swift in Sources */,
				86D77A682F6901BE009BEC45 /* AppDelegate.swift in Sources */,
			);
			runOnlyForDeploymentPostprocessing = 0;
		};
		86D77A7B2F6901BF009BEC45 /* Sources */ = {
			isa = PBXSourcesBuildPhase;
			buildActionMask = 2147483647;
			files = (
				86D77A852F6901BF009BEC45 /* SafariWebExtensionHandler.swift in Sources */,
			);
			runOnlyForDeploymentPostprocessing = 0;
		};
/* End PBXSourcesBuildPhase section */

/* Begin PBXTargetDependency section */
		86D77A822F6901BF009BEC45 /* PBXTargetDependency */ = {
			isa = PBXTargetDependency;
			target = 86D77A7E2F6901BF009BEC45 /* Claude Assistant Extension */;
			targetProxy = 86D77A812F6901BF009BEC45 /* PBXContainerItemProxy */;
		};
/* End PBXTargetDependency section */

/* Begin PBXVariantGroup section */
		86D77A6A2F6901BE009BEC45 /* Main.html */ = {
			isa = PBXVariantGroup;
			children = (
				86D77A6B2F6901BE009BEC45 /* Base */,
			);
			name = Main.html;
			sourceTree = "<group>";
		};
		86D77A752F6901BE009BEC45 /* Main.storyboard */ = {
			isa = PBXVariantGroup;
			children = (
				86D77A762F6901BE009BEC45 /* Base */,
			);
			name = Main.storyboard;
			sourceTree = "<group>";
		};
/* End PBXVariantGroup section */

/* Begin XCBuildConfiguration section */
		86D77A872F6901BF009BEC45 /* Debug */ = {
			isa = XCBuildConfiguration;
			buildSettings = {
				ALWAYS_SEARCH_USER_PATHS = NO;
				ASSETCATALOG_COMPILER_GENERATE_SWIFT_ASSET_SYMBOL_EXTENSIONS = YES;
				CLANG_ANALYZER_NONNULL = YES;
				CLANG_ANALYZER_NUMBER_OBJECT_CONVERSION = YES_AGGRESSIVE;
				CLANG_CXX_LANGUAGE_STANDARD = "gnu++20";
				CLANG_ENABLE_MODULES = YES;
				CLANG_ENABLE_OBJC_ARC = YES;
				CLANG_ENABLE_OBJC_WEAK = YES;
				CLANG_WARN_BLOCK_CAPTURE_AUTORELEASING = YES;
				CLANG_WARN_BOOL_CONVERSION = YES;
				CLANG_WARN_COMMA = YES;
				CLANG_WARN_CONSTANT_CONVERSION = YES;
				CLANG_WARN_DEPRECATED_OBJC_IMPLEMENTATIONS = YES;
				CLANG_WARN_DIRECT_OBJC_ISA_USAGE = YES_ERROR;
				CLANG_WARN_DOCUMENTATION_COMMENTS = YES;
				CLANG_WARN_EMPTY_BODY = YES;
				CLANG_WARN_ENUM_CONVERSION = YES;
				CLANG_WARN_INFINITE_RECURSION = YES;
				CLANG_WARN_INT_CONVERSION = YES;
				CLANG_WARN_NON_LITERAL_NULL_CONVERSION = YES;
				CLANG_WARN_OBJC_IMPLICIT_RETAIN_SELF = YES;
				CLANG_WARN_OBJC_LITERAL_CONVERSION = YES;
				CLANG_WARN_OBJC_ROOT_CLASS = YES_ERROR;
				CLANG_WARN_QUOTED_INCLUDE_IN_FRAMEWORK_HEADER = YES;
				CLANG_WARN_RANGE_LOOP_ANALYSIS = YES;
				CLANG_WARN_STRICT_PROTOTYPES = YES;
				CLANG_WARN_SUSPICIOUS_MOVE = YES;
				CLANG_WARN_UNGUARDED_AVAILABILITY = YES_AGGRESSIVE;
				CLANG_WARN_UNREACHABLE_CODE = YES;
				CLANG_WARN__DUPLICATE_METHOD_MATCH = YES;
				COPY_PHASE_STRIP = NO;
				DEBUG_INFORMATION_FORMAT = dwarf;
				ENABLE_STRICT_OBJC_MSGSEND = YES;
				ENABLE_TESTABILITY = YES;
				ENABLE_USER_SCRIPT_SANDBOXING = YES;
				GCC_C_LANGUAGE_STANDARD = gnu17;
				GCC_DYNAMIC_NO_PIC = NO;
				GCC_NO_COMMON_BLOCKS = YES;
				GCC_OPTIMIZATION_LEVEL = 0;
				GCC_PREPROCESSOR_DEFINITIONS = (
					"DEBUG=1",
					"$(inherited)",
				);
				GCC_WARN_64_TO_32_BIT_CONVERSION = YES;
				GCC_WARN_ABOUT_RETURN_TYPE = YES_ERROR;
				GCC_WARN_UNDECLARED_SELECTOR = YES;
				GCC_WARN_UNINITIALIZED_AUTOS = YES_AGGRESSIVE;
				GCC_WARN_UNUSED_FUNCTION = YES;
				GCC_WARN_UNUSED_VARIABLE = YES;
				LOCALIZATION_PREFERS_STRING_CATALOGS = YES;
				MACOSX_DEPLOYMENT_TARGET = 26.2;
				MTL_ENABLE_DEBUG_INFO = INCLUDE_SOURCE;
				MTL_FAST_MATH = YES;
				ONLY_ACTIVE_ARCH = YES;
				SDKROOT = macosx;
				SWIFT_ACTIVE_COMPILATION_CONDITIONS = "DEBUG $(inherited)";
				SWIFT_OPTIMIZATION_LEVEL = "-Onone";
			};
			name = Debug;
		};
		86D77A882F6901BF009BEC45 /* Release */ = {
			isa = XCBuildConfiguration;
			buildSettings = {
				ALWAYS_SEARCH_USER_PATHS = NO;
				ASSETCATALOG_COMPILER_GENERATE_SWIFT_ASSET_SYMBOL_EXTENSIONS = YES;
				CLANG_ANALYZER_NONNULL = YES;
				CLANG_ANALYZER_NUMBER_OBJECT_CONVERSION = YES_AGGRESSIVE;
				CLANG_CXX_LANGUAGE_STANDARD = "gnu++20";
				CLANG_ENABLE_MODULES = YES;
				CLANG_ENABLE_OBJC_ARC = YES;
				CLANG_ENABLE_OBJC_WEAK = YES;
				CLANG_WARN_BLOCK_CAPTURE_AUTORELEASING = YES;
				CLANG_WARN_BOOL_CONVERSION = YES;
				CLANG_WARN_COMMA = YES;
				CLANG_WARN_CONSTANT_CONVERSION = YES;
				CLANG_WARN_DEPRECATED_OBJC_IMPLEMENTATIONS = YES;
				CLANG_WARN_DIRECT_OBJC_ISA_USAGE = YES_ERROR;
				CLANG_WARN_DOCUMENTATION_COMMENTS = YES;
				CLANG_WARN_EMPTY_BODY = YES;
				CLANG_WARN_ENUM_CONVERSION = YES;
				CLANG_WARN_INFINITE_RECURSION = YES;
				CLANG_WARN_INT_CONVERSION = YES;
				CLANG_WARN_NON_LITERAL_NULL_CONVERSION = YES;
				CLANG_WARN_OBJC_IMPLICIT_RETAIN_SELF = YES;
				CLANG_WARN_OBJC_LITERAL_CONVERSION = YES;
				CLANG_WARN_OBJC_ROOT_CLASS = YES_ERROR;
				CLANG_WARN_QUOTED_INCLUDE_IN_FRAMEWORK_HEADER = YES;
				CLANG_WARN_RANGE_LOOP_ANALYSIS = YES;
				CLANG_WARN_STRICT_PROTOTYPES = YES;
				CLANG_WARN_SUSPICIOUS_MOVE = YES;
				CLANG_WARN_UNGUARDED_AVAILABILITY = YES_AGGRESSIVE;
				CLANG_WARN_UNREACHABLE_CODE = YES;
				CLANG_WARN__DUPLICATE_METHOD_MATCH = YES;
				COPY_PHASE_STRIP = NO;
				DEBUG_INFORMATION_FORMAT = "dwarf-with-dsym";
				ENABLE_NS_ASSERTIONS = NO;
				ENABLE_STRICT_OBJC_MSGSEND = YES;
				ENABLE_USER_SCRIPT_SANDBOXING = YES;
				GCC_C_LANGUAGE_STANDARD = gnu17;
				GCC_NO_COMMON_BLOCKS = YES;
				GCC_WARN_64_TO_32_BIT_CONVERSION = YES;
				GCC_WARN_ABOUT_RETURN_TYPE = YES_ERROR;
				GCC_WARN_UNDECLARED_SELECTOR = YES;
				GCC_WARN_UNINITIALIZED_AUTOS = YES_AGGRESSIVE;
				GCC_WARN_UNUSED_FUNCTION = YES;
				GCC_WARN_UNUSED_VARIABLE = YES;
				LOCALIZATION_PREFERS_STRING_CATALOGS = YES;
				MACOSX_DEPLOYMENT_TARGET = 26.2;
				MTL_ENABLE_DEBUG_INFO = NO;
				MTL_FAST_MATH = YES;
				SDKROOT = macosx;
				SWIFT_COMPILATION_MODE = wholemodule;
			};
			name = Release;
		};
		86D77A8A2F6901BF009BEC45 /* Debug */ = {
			isa = XCBuildConfiguration;
			buildSettings = {
				"CODE_SIGN_IDENTITY[sdk=macosx*]" = "Apple Development";
				CODE_SIGN_STYLE = Automatic;
				CURRENT_PROJECT_VERSION = 1;
				DEVELOPMENT_TEAM = 6XHFFWMWF9;
				ENABLE_APP_SANDBOX = YES;
				ENABLE_HARDENED_RUNTIME = YES;
				ENABLE_USER_SELECTED_FILES = readonly;
				GENERATE_INFOPLIST_FILE = YES;
				INFOPLIST_FILE = "Claude Assistant Extension/Info.plist";
				INFOPLIST_KEY_CFBundleDisplayName = "Claude Assistant Extension";
				INFOPLIST_KEY_NSHumanReadableCopyright = "";
				LD_RUNPATH_SEARCH_PATHS = (
					"$(inherited)",
					"@executable_path/../Frameworks",
					"@executable_path/../../../../Frameworks",
				);
				MACOSX_DEPLOYMENT_TARGET = 14.0;
				MARKETING_VERSION = 1.0;
				OTHER_LDFLAGS = (
					"-framework",
					SafariServices,
				);
				PRODUCT_BUNDLE_IDENTIFIER = "com.digster.Claude-Assistant.Extension";
				PRODUCT_NAME = "$(TARGET_NAME)";
				SKIP_INSTALL = YES;
				STRING_CATALOG_GENERATE_SYMBOLS = YES;
				SWIFT_APPROACHABLE_CONCURRENCY = YES;
				SWIFT_EMIT_LOC_STRINGS = YES;
				SWIFT_UPCOMING_FEATURE_MEMBER_IMPORT_VISIBILITY = YES;
				SWIFT_VERSION = 5.0;
			};
			name = Debug;
		};
		86D77A8B2F6901BF009BEC45 /* Release */ = {
			isa = XCBuildConfiguration;
			buildSettings = {
				"CODE_SIGN_IDENTITY[sdk=macosx*]" = "Apple Development";
				CODE_SIGN_STYLE = Automatic;
				CURRENT_PROJECT_VERSION = 1;
				DEVELOPMENT_TEAM = 6XHFFWMWF9;
				ENABLE_APP_SANDBOX = YES;
				ENABLE_HARDENED_RUNTIME = YES;
				ENABLE_USER_SELECTED_FILES = readonly;
				GENERATE_INFOPLIST_FILE = YES;
				INFOPLIST_FILE = "Claude Assistant Extension/Info.plist";
				INFOPLIST_KEY_CFBundleDisplayName = "Claude Assistant Extension";
				INFOPLIST_KEY_NSHumanReadableCopyright = "";
				LD_RUNPATH_SEARCH_PATHS = (
					"$(inherited)",
					"@executable_path/../Frameworks",
					"@executable_path/../../../../Frameworks",
				);
				MACOSX_DEPLOYMENT_TARGET = 14.0;
				MARKETING_VERSION = 1.0;
				OTHER_LDFLAGS = (
					"-framework",
					SafariServices,
				);
				PRODUCT_BUNDLE_IDENTIFIER = "com.digster.Claude-Assistant.Extension";
				PRODUCT_NAME = "$(TARGET_NAME)";
				SKIP_INSTALL = YES;
				STRING_CATALOG_GENERATE_SYMBOLS = YES;
				SWIFT_APPROACHABLE_CONCURRENCY = YES;
				SWIFT_EMIT_LOC_STRINGS = YES;
				SWIFT_UPCOMING_FEATURE_MEMBER_IMPORT_VISIBILITY = YES;
				SWIFT_VERSION = 5.0;
			};
			name = Release;
		};
		86D77A8E2F6901BF009BEC45 /* Debug */ = {
			isa = XCBuildConfiguration;
			buildSettings = {
				ASSETCATALOG_COMPILER_APPICON_NAME = AppIcon;
				ASSETCATALOG_COMPILER_GLOBAL_ACCENT_COLOR_NAME = AccentColor;
				"CODE_SIGN_IDENTITY[sdk=macosx*]" = "Apple Development";
				CODE_SIGN_STYLE = Automatic;
				COMBINE_HIDPI_IMAGES = YES;
				CURRENT_PROJECT_VERSION = 1;
				DEVELOPMENT_TEAM = 6XHFFWMWF9;
				ENABLE_APP_SANDBOX = YES;
				ENABLE_HARDENED_RUNTIME = YES;
				ENABLE_OUTGOING_NETWORK_CONNECTIONS = YES;
				ENABLE_USER_SELECTED_FILES = readwrite;
				GENERATE_INFOPLIST_FILE = YES;
				INFOPLIST_FILE = "Claude Assistant/Info.plist";
				INFOPLIST_KEY_CFBundleDisplayName = "Claude Assistant";
				INFOPLIST_KEY_LSApplicationCategoryType = "public.app-category.productivity";
				INFOPLIST_KEY_NSHumanReadableCopyright = "";
				INFOPLIST_KEY_NSMainStoryboardFile = Main;
				INFOPLIST_KEY_NSPrincipalClass = NSApplication;
				LD_RUNPATH_SEARCH_PATHS = (
					"$(inherited)",
					"@executable_path/../Frameworks",
				);
				MARKETING_VERSION = 1.0;
				OTHER_LDFLAGS = (
					"-framework",
					SafariServices,
					"-framework",
					WebKit,
				);
				PRODUCT_BUNDLE_IDENTIFIER = "com.digster.Claude-Assistant";
				PRODUCT_NAME = "$(TARGET_NAME)";
				REGISTER_APP_GROUPS = YES;
				STRING_CATALOG_GENERATE_SYMBOLS = YES;
				SWIFT_APPROACHABLE_CONCURRENCY = YES;
				SWIFT_DEFAULT_ACTOR_ISOLATION = MainActor;
				SWIFT_EMIT_LOC_STRINGS = YES;
				SWIFT_UPCOMING_FEATURE_MEMBER_IMPORT_VISIBILITY = YES;
				SWIFT_VERSION = 5.0;
			};
			name = Debug;
		};
		86D77A8F2F6901BF009BEC45 /* Release */ = {
			isa = XCBuildConfiguration;
			buildSettings = {
				ASSETCATALOG_COMPILER_APPICON_NAME = AppIcon;
				ASSETCATALOG_COMPILER_GLOBAL_ACCENT_COLOR_NAME = AccentColor;
				"CODE_SIGN_IDENTITY[sdk=macosx*]" = "Apple Development";
				CODE_SIGN_STYLE = Automatic;
				COMBINE_HIDPI_IMAGES = YES;
				CURRENT_PROJECT_VERSION = 1;
				DEVELOPMENT_TEAM = 6XHFFWMWF9;
				ENABLE_APP_SANDBOX = YES;
				ENABLE_HARDENED_RUNTIME = YES;
				ENABLE_OUTGOING_NETWORK_CONNECTIONS = YES;
				ENABLE_USER_SELECTED_FILES = readwrite;
				GENERATE_INFOPLIST_FILE = YES;
				INFOPLIST_FILE = "Claude Assistant/Info.plist";
				INFOPLIST_KEY_CFBundleDisplayName = "Claude Assistant";
				INFOPLIST_KEY_LSApplicationCategoryType = "public.app-category.productivity";
				INFOPLIST_KEY_NSHumanReadableCopyright = "";
				INFOPLIST_KEY_NSMainStoryboardFile = Main;
				INFOPLIST_KEY_NSPrincipalClass = NSApplication;
				LD_RUNPATH_SEARCH_PATHS = (
					"$(inherited)",
					"@executable_path/../Frameworks",
				);
				MARKETING_VERSION = 1.0;
				OTHER_LDFLAGS = (
					"-framework",
					SafariServices,
					"-framework",
					WebKit,
				);
				PRODUCT_BUNDLE_IDENTIFIER = "com.digster.Claude-Assistant";
				PRODUCT_NAME = "$(TARGET_NAME)";
				REGISTER_APP_GROUPS = YES;
				STRING_CATALOG_GENERATE_SYMBOLS = YES;
				SWIFT_APPROACHABLE_CONCURRENCY = YES;
				SWIFT_DEFAULT_ACTOR_ISOLATION = MainActor;
				SWIFT_EMIT_LOC_STRINGS = YES;
				SWIFT_UPCOMING_FEATURE_MEMBER_IMPORT_VISIBILITY = YES;
				SWIFT_VERSION = 5.0;
			};
			name = Release;
		};
/* End XCBuildConfiguration section */

/* Begin XCConfigurationList section */
		86D77A5F2F6901BE009BEC45 /* Build configuration list for PBXProject "Claude Assistant" */ = {
			isa = XCConfigurationList;
			buildConfigurations = (
				86D77A872F6901BF009BEC45 /* Debug */,
				86D77A882F6901BF009BEC45 /* Release */,
			);
			defaultConfigurationIsVisible = 0;
			defaultConfigurationName = Release;
		};
		86D77A892F6901BF009BEC45 /* Build configuration list for PBXNativeTarget "Claude Assistant Extension" */ = {
			isa = XCConfigurationList;
			buildConfigurations = (
				86D77A8A2F6901BF009BEC45 /* Debug */,
				86D77A8B2F6901BF009BEC45 /* Release */,
			);
			defaultConfigurationIsVisible = 0;
			defaultConfigurationName = Release;
		};
		86D77A8D2F6901BF009BEC45 /* Build configuration list for PBXNativeTarget "Claude Assistant" */ = {
			isa = XCConfigurationList;
			buildConfigurations = (
				86D77A8E2F6901BF009BEC45 /* Debug */,
				86D77A8F2F6901BF009BEC45 /* Release */,
			);
			defaultConfigurationIsVisible = 0;
			defaultConfigurationName = Release;
		};
/* End XCConfigurationList section */
	};
	rootObject = 86D77A5C2F6901BE009BEC45 /* Project object */;
}
